// !$*UTF8*$!
{
	archiveVersion = 1;
	classes = {
	};
	objectVersion = 50;
	objects = {

/* Begin PBXBuildFile section */
		45429A9421E9D4F2005C5F06 /* model_wm_1000.mlmodel in Sources */ = {isa = PBXBuildFile; fileRef = 45429A9321E9D4F2005C5F06 /* model_wm_1000.mlmodel */; };
		45429A9621E9D874005C5F06 /* model_wm_05.mlmodel in Sources */ = {isa = PBXBuildFile; fileRef = 45429A9521E9D874005C5F06 /* model_wm_05.mlmodel */; };
		454B615B21EAE86300D151C5 /* model_wm_14.mlmodel in Sources */ = {isa = PBXBuildFile; fileRef = 454B615A21EAE86200D151C5 /* model_wm_14.mlmodel */; };
		454B615D21EAE96D00D151C5 /* model_wm_075.mlmodel in Sources */ = {isa = PBXBuildFile; fileRef = 454B615C21EAE96D00D151C5 /* model_wm_075.mlmodel */; };
		454B615F21EAEA0400D151C5 /* model_wm_0875.mlmodel in Sources */ = {isa = PBXBuildFile; fileRef = 454B615E21EAEA0400D151C5 /* model_wm_0875.mlmodel */; };
		456A7F0521E0FC7000DD08D1 /* AppDelegate.swift in Sources */ = {isa = PBXBuildFile; fileRef = 456A7F0421E0FC7000DD08D1 /* AppDelegate.swift */; };
		456A7F0721E0FC7000DD08D1 /* ViewController.swift in Sources */ = {isa = PBXBuildFile; fileRef = 456A7F0621E0FC7000DD08D1 /* ViewController.swift */; };
		456A7F0A21E0FC7000DD08D1 /* Main.storyboard in Resources */ = {isa = PBXBuildFile; fileRef = 456A7F0821E0FC7000DD08D1 /* Main.storyboard */; };
		456A7F0C21E0FC7200DD08D1 /* Assets.xcassets in Resources */ = {isa = PBXBuildFile; fileRef = 456A7F0B21E0FC7200DD08D1 /* Assets.xcassets */; };
		456A7F0F21E0FC7200DD08D1 /* LaunchScreen.storyboard in Resources */ = {isa = PBXBuildFile; fileRef = 456A7F0D21E0FC7200DD08D1 /* LaunchScreen.storyboard */; };
		456A7F1A21E0FC7200DD08D1 /* ISEF_Demo_V2Tests.swift in Sources */ = {isa = PBXBuildFile; fileRef = 456A7F1921E0FC7200DD08D1 /* ISEF_Demo_V2Tests.swift */; };
		456A7F2521E0FC7200DD08D1 /* ISEF_Demo_V2UITests.swift in Sources */ = {isa = PBXBuildFile; fileRef = 456A7F2421E0FC7200DD08D1 /* ISEF_Demo_V2UITests.swift */; };
		456A7F3321E0FDBF00DD08D1 /* VisionObjectRecognitionViewController.swift in Sources */ = {isa = PBXBuildFile; fileRef = 456A7F3221E0FDBF00DD08D1 /* VisionObjectRecognitionViewController.swift */; };
		45EA14BA21EA367A000DF2BC /* model_wm_125.mlmodel in Sources */ = {isa = PBXBuildFile; fileRef = 45EA14B921EA367A000DF2BC /* model_wm_125.mlmodel */; };
/* End PBXBuildFile section */

/* Begin PBXContainerItemProxy section */
		456A7F1621E0FC7200DD08D1 /* PBXContainerItemProxy */ = {
			isa = PBXContainerItemProxy;
			containerPortal = 456A7EF921E0FC7000DD08D1 /* Project object */;
			proxyType = 1;
			remoteGlobalIDString = 456A7F0021E0FC7000DD08D1;
			remoteInfo = "ISEF Demo V2";
		};
		456A7F2121E0FC7200DD08D1 /* PBXContainerItemProxy */ = {
			isa = PBXContainerItemProxy;
			containerPortal = 456A7EF921E0FC7000DD08D1 /* Project object */;
			proxyType = 1;
			remoteGlobalIDString = 456A7F0021E0FC7000DD08D1;
			remoteInfo = "ISEF Demo V2";
		};
/* End PBXContainerItemProxy section */

/* Begin PBXFileReference section */
		45429A9321E9D4F2005C5F06 /* model_wm_1000.mlmodel */ = {isa = PBXFileReference; lastKnownFileType = file.mlmodel; name = model_wm_1000.mlmodel; path = ../../model_wm_1000.mlmodel; sourceTree = "<group>"; };
		45429A9521E9D874005C5F06 /* model_wm_05.mlmodel */ = {isa = PBXFileReference; lastKnownFileType = file.mlmodel; name = model_wm_05.mlmodel; path = ../../model_wm_05.mlmodel; sourceTree = "<group>"; };
		454B615A21EAE86200D151C5 /* model_wm_14.mlmodel */ = {isa = PBXFileReference; lastKnownFileType = file.mlmodel; name = model_wm_14.mlmodel; path = ../../model_wm_14.mlmodel; sourceTree = "<group>"; };
		454B615C21EAE96D00D151C5 /* model_wm_075.mlmodel */ = {isa = PBXFileReference; lastKnownFileType = file.mlmodel; name = model_wm_075.mlmodel; path = ../../model_wm_075.mlmodel; sourceTree = "<group>"; };
		454B615E21EAEA0400D151C5 /* model_wm_0875.mlmodel */ = {isa = PBXFileReference; lastKnownFileType = file.mlmodel; name = model_wm_0875.mlmodel; path = ../../model_wm_0875.mlmodel; sourceTree = "<group>"; };
		456A7F0121E0FC7000DD08D1 /* LYTNet Demo.app */ = {isa = PBXFileReference; explicitFileType = wrapper.application; includeInIndex = 0; path = "LYTNet Demo.app"; sourceTree = BUILT_PRODUCTS_DIR; };
		456A7F0421E0FC7000DD08D1 /* AppDelegate.swift */ = {isa = PBXFileReference; lastKnownFileType = sourcecode.swift; path = AppDelegate.swift; sourceTree = "<group>"; };
		456A7F0621E0FC7000DD08D1 /* ViewController.swift */ = {isa = PBXFileReference; lastKnownFileType = sourcecode.swift; path = ViewController.swift; sourceTree = "<group>"; };
		456A7F0921E0FC7000DD08D1 /* Base */ = {isa = PBXFileReference; lastKnownFileType = file.storyboard; name = Base; path = Base.lproj/Main.storyboard; sourceTree = "<group>"; };
		456A7F0B21E0FC7200DD08D1 /* Assets.xcassets */ = {isa = PBXFileReference; lastKnownFileType = folder.assetcatalog; path = Assets.xcassets; sourceTree = "<group>"; };
		456A7F0E21E0FC7200DD08D1 /* Base */ = {isa = PBXFileReference; lastKnownFileType = file.storyboard; name = Base; path = Base.lproj/LaunchScreen.storyboard; sourceTree = "<group>"; };
		456A7F1021E0FC7200DD08D1 /* Info.plist */ = {isa = PBXFileReference; lastKnownFileType = text.plist.xml; path = Info.plist; sourceTree = "<group>"; };
		456A7F1521E0FC7200DD08D1 /* LYTNet DemoTests.xctest */ = {isa = PBXFileReference; explicitFileType = wrapper.cfbundle; includeInIndex = 0; path = "LYTNet DemoTests.xctest"; sourceTree = BUILT_PRODUCTS_DIR; };
		456A7F1921E0FC7200DD08D1 /* ISEF_Demo_V2Tests.swift */ = {isa = PBXFileReference; lastKnownFileType = sourcecode.swift; path = ISEF_Demo_V2Tests.swift; sourceTree = "<group>"; };
		456A7F1B21E0FC7200DD08D1 /* Info.plist */ = {isa = PBXFileReference; lastKnownFileType = text.plist.xml; path = Info.plist; sourceTree = "<group>"; };
		456A7F2021E0FC7200DD08D1 /* LYTNet DemoUITests.xctest */ = {isa = PBXFileReference; explicitFileType = wrapper.cfbundle; includeInIndex = 0; path = "LYTNet DemoUITests.xctest"; sourceTree = BUILT_PRODUCTS_DIR; };
		456A7F2421E0FC7200DD08D1 /* ISEF_Demo_V2UITests.swift */ = {isa = PBXFileReference; lastKnownFileType = sourcecode.swift; path = ISEF_Demo_V2UITests.swift; sourceTree = "<group>"; };
		456A7F2621E0FC7200DD08D1 /* Info.plist */ = {isa = PBXFileReference; lastKnownFileType = text.plist.xml; path = Info.plist; sourceTree = "<group>"; };
		456A7F3221E0FDBF00DD08D1 /* VisionObjectRecognitionViewController.swift */ = {isa = PBXFileReference; lastKnownFileType = sourcecode.swift; path = VisionObjectRecognitionViewController.swift; sourceTree = "<group>"; };
		45EA14B921EA367A000DF2BC /* model_wm_125.mlmodel */ = {isa = PBXFileReference; lastKnownFileType = file.mlmodel; name = model_wm_125.mlmodel; path = ../../model_wm_125.mlmodel; sourceTree = "<group>"; };
/* End PBXFileReference section */

/* Begin PBXFrameworksBuildPhase section */
		456A7EFE21E0FC7000DD08D1 /* Frameworks */ = {
			isa = PBXFrameworksBuildPhase;
			buildActionMask = 2147483647;
			files = (
			);
			runOnlyForDeploymentPostprocessing = 0;
		};
		456A7F1221E0FC7200DD08D1 /* Frameworks */ = {
			isa = PBXFrameworksBuildPhase;
			buildActionMask = 2147483647;
			files = (
			);
			runOnlyForDeploymentPostprocessing = 0;
		};
		456A7F1D21E0FC7200DD08D1 /* Frameworks */ = {
			isa = PBXFrameworksBuildPhase;
			buildActionMask = 2147483647;
			files = (
			);
			runOnlyForDeploymentPostprocessing = 0;
		};
/* End PBXFrameworksBuildPhase section */

/* Begin PBXGroup section */
		456A7EF821E0FC7000DD08D1 = {
			isa = PBXGroup;
			children = (
				456A7F0321E0FC7000DD08D1 /* ISEF Demo V2 */,
				456A7F1821E0FC7200DD08D1 /* ISEF Demo V2Tests */,
				456A7F2321E0FC7200DD08D1 /* ISEF Demo V2UITests */,
				456A7F0221E0FC7000DD08D1 /* Products */,
			);
			sourceTree = "<group>";
		};
		456A7F0221E0FC7000DD08D1 /* Products */ = {
			isa = PBXGroup;
			children = (
				456A7F0121E0FC7000DD08D1 /* LYTNet Demo.app */,
				456A7F1521E0FC7200DD08D1 /* LYTNet DemoTests.xctest */,
				456A7F2021E0FC7200DD08D1 /* LYTNet DemoUITests.xctest */,
			);
			name = Products;
			sourceTree = "<group>";
		};
		456A7F0321E0FC7000DD08D1 /* ISEF Demo V2 */ = {
			isa = PBXGroup;
			children = (
				456A7F0421E0FC7000DD08D1 /* AppDelegate.swift */,
				456A7F0621E0FC7000DD08D1 /* ViewController.swift */,
				456A7F3221E0FDBF00DD08D1 /* VisionObjectRecognitionViewController.swift */,
				456A7F0821E0FC7000DD08D1 /* Main.storyboard */,
				456A7F0B21E0FC7200DD08D1 /* Assets.xcassets */,
				45EA14B921EA367A000DF2BC /* model_wm_125.mlmodel */,
				454B615A21EAE86200D151C5 /* model_wm_14.mlmodel */,
				454B615C21EAE96D00D151C5 /* model_wm_075.mlmodel */,
				454B615E21EAEA0400D151C5 /* model_wm_0875.mlmodel */,
				45429A9321E9D4F2005C5F06 /* model_wm_1000.mlmodel */,
				45429A9521E9D874005C5F06 /* model_wm_05.mlmodel */,
				456A7F0D21E0FC7200DD08D1 /* LaunchScreen.storyboard */,
				456A7F1021E0FC7200DD08D1 /* Info.plist */,
			);
			path = "ISEF Demo V2";
			sourceTree = "<group>";
		};
		456A7F1821E0FC7200DD08D1 /* ISEF Demo V2Tests */ = {
			isa = PBXGroup;
			children = (
				456A7F1921E0FC7200DD08D1 /* ISEF_Demo_V2Tests.swift */,
				456A7F1B21E0FC7200DD08D1 /* Info.plist */,
			);
			path = "ISEF Demo V2Tests";
			sourceTree = "<group>";
		};
		456A7F2321E0FC7200DD08D1 /* ISEF Demo V2UITests */ = {
			isa = PBXGroup;
			children = (
				456A7F2421E0FC7200DD08D1 /* ISEF_Demo_V2UITests.swift */,
				456A7F2621E0FC7200DD08D1 /* Info.plist */,
			);
			path = "ISEF Demo V2UITests";
			sourceTree = "<group>";
		};
/* End PBXGroup section */

/* Begin PBXNativeTarget section */
		456A7F0021E0FC7000DD08D1 /* LYTNet Demo */ = {
			isa = PBXNativeTarget;
			buildConfigurationList = 456A7F2921E0FC7200DD08D1 /* Build configuration list for PBXNativeTarget "LYTNet Demo" */;
			buildPhases = (
				456A7EFD21E0FC7000DD08D1 /* Sources */,
				456A7EFE21E0FC7000DD08D1 /* Frameworks */,
				456A7EFF21E0FC7000DD08D1 /* Resources */,
			);
			buildRules = (
			);
			dependencies = (
			);
			name = "LYTNet Demo";
			productName = "ISEF Demo V2";
			productReference = 456A7F0121E0FC7000DD08D1 /* LYTNet Demo.app */;
			productType = "com.apple.product-type.application";
		};
		456A7F1421E0FC7200DD08D1 /* LYTNet DemoTests */ = {
			isa = PBXNativeTarget;
			buildConfigurationList = 456A7F2C21E0FC7200DD08D1 /* Build configuration list for PBXNativeTarget "LYTNet DemoTests" */;
			buildPhases = (
				456A7F1121E0FC7200DD08D1 /* Sources */,
				456A7F1221E0FC7200DD08D1 /* Frameworks */,
				456A7F1321E0FC7200DD08D1 /* Resources */,
			);
			buildRules = (
			);
			dependencies = (
				456A7F1721E0FC7200DD08D1 /* PBXTargetDependency */,
			);
			name = "LYTNet DemoTests";
			productName = "ISEF Demo V2Tests";
			productReference = 456A7F1521E0FC7200DD08D1 /* LYTNet DemoTests.xctest */;
			productType = "com.apple.product-type.bundle.unit-test";
		};
		456A7F1F21E0FC7200DD08D1 /* LYTNet DemoUITests */ = {
			isa = PBXNativeTarget;
			buildConfigurationList = 456A7F2F21E0FC7200DD08D1 /* Build configuration list for PBXNativeTarget "LYTNet DemoUITests" */;
			buildPhases = (
				456A7F1C21E0FC7200DD08D1 /* Sources */,
				456A7F1D21E0FC7200DD08D1 /* Frameworks */,
				456A7F1E21E0FC7200DD08D1 /* Resources */,
			);
			buildRules = (
			);
			dependencies = (
				456A7F2221E0FC7200DD08D1 /* PBXTargetDependency */,
			);
			name = "LYTNet DemoUITests";
			productName = "ISEF Demo V2UITests";
			productReference = 456A7F2021E0FC7200DD08D1 /* LYTNet DemoUITests.xctest */;
			productType = "com.apple.product-type.bundle.ui-testing";
		};
/* End PBXNativeTarget section */

/* Begin PBXProject section */
		456A7EF921E0FC7000DD08D1 /* Project object */ = {
			isa = PBXProject;
			attributes = {
				LastSwiftUpdateCheck = 1010;
				LastUpgradeCheck = 1010;
				ORGANIZATIONNAME = "Samuel Yu";
				TargetAttributes = {
					456A7F0021E0FC7000DD08D1 = {
						CreatedOnToolsVersion = 10.1;
					};
					456A7F1421E0FC7200DD08D1 = {
						CreatedOnToolsVersion = 10.1;
						TestTargetID = 456A7F0021E0FC7000DD08D1;
					};
					456A7F1F21E0FC7200DD08D1 = {
						CreatedOnToolsVersion = 10.1;
						TestTargetID = 456A7F0021E0FC7000DD08D1;
					};
				};
			};
			buildConfigurationList = 456A7EFC21E0FC7000DD08D1 /* Build configuration list for PBXProject "LYTNet Demo" */;
			compatibilityVersion = "Xcode 9.3";
			developmentRegion = en;
			hasScannedForEncodings = 0;
			knownRegions = (
				en,
				Base,
			);
			mainGroup = 456A7EF821E0FC7000DD08D1;
			productRefGroup = 456A7F0221E0FC7000DD08D1 /* Products */;
			projectDirPath = "";
			projectRoot = "";
			targets = (
				456A7F0021E0FC7000DD08D1 /* LYTNet Demo */,
				456A7F1421E0FC7200DD08D1 /* LYTNet DemoTests */,
				456A7F1F21E0FC7200DD08D1 /* LYTNet DemoUITests */,
			);
		};
/* End PBXProject section */

/* Begin PBXResourcesBuildPhase section */
		456A7EFF21E0FC7000DD08D1 /* Resources */ = {
			isa = PBXResourcesBuildPhase;
			buildActionMask = 2147483647;
			files = (
				456A7F0F21E0FC7200DD08D1 /* LaunchScreen.storyboard in Resources */,
				456A7F0C21E0FC7200DD08D1 /* Assets.xcassets in Resources */,
				456A7F0A21E0FC7000DD08D1 /* Main.storyboard in Resources */,
			);
			runOnlyForDeploymentPostprocessing = 0;
		};
		456A7F1321E0FC7200DD08D1 /* Resources */ = {
			isa = PBXResourcesBuildPhase;
			buildActionMask = 2147483647;
			files = (
			);
			runOnlyForDeploymentPostprocessing = 0;
		};
		456A7F1E21E0FC7200DD08D1 /* Resources */ = {
			isa = PBXResourcesBuildPhase;
			buildActionMask = 2147483647;
			files = (
			);
			runOnlyForDeploymentPostprocessing = 0;
		};
/* End PBXResourcesBuildPhase section */

/* Begin PBXSourcesBuildPhase section */
		456A7EFD21E0FC7000DD08D1 /* Sources */ = {
			isa = PBXSourcesBuildPhase;
			buildActionMask = 2147483647;
			files = (
				456A7F3321E0FDBF00DD08D1 /* VisionObjectRecognitionViewController.swift in Sources */,
				454B615F21EAEA0400D151C5 /* model_wm_0875.mlmodel in Sources */,
				45429A9421E9D4F2005C5F06 /* model_wm_1000.mlmodel in Sources */,
				456A7F0721E0FC7000DD08D1 /* ViewController.swift in Sources */,
				454B615D21EAE96D00D151C5 /* model_wm_075.mlmodel in Sources */,
				456A7F0521E0FC7000DD08D1 /* AppDelegate.swift in Sources */,
				45429A9621E9D874005C5F06 /* model_wm_05.mlmodel in Sources */,
				45EA14BA21EA367A000DF2BC /* model_wm_125.mlmodel in Sources */,
				454B615B21EAE86300D151C5 /* model_wm_14.mlmodel in Sources */,
			);
			runOnlyForDeploymentPostprocessing = 0;
		};
		456A7F1121E0FC7200DD08D1 /* Sources */ = {
			isa = PBXSourcesBuildPhase;
			buildActionMask = 2147483647;
			files = (
				456A7F1A21E0FC7200DD08D1 /* ISEF_Demo_V2Tests.swift in Sources */,
			);
			runOnlyForDeploymentPostprocessing = 0;
		};
		456A7F1C21E0FC7200DD08D1 /* Sources */ = {
			isa = PBXSourcesBuildPhase;
			buildActionMask = 2147483647;
			files = (
				456A7F2521E0FC7200DD08D1 /* ISEF_Demo_V2UITests.swift in Sources */,
			);
			runOnlyForDeploymentPostprocessing = 0;
		};
/* End PBXSourcesBuildPhase section */

/* Begin PBXTargetDependency section */
		456A7F1721E0FC7200DD08D1 /* PBXTargetDependency */ = {
			isa = PBXTargetDependency;
			target = 456A7F0021E0FC7000DD08D1 /* LYTNet Demo */;
			targetProxy = 456A7F1621E0FC7200DD08D1 /* PBXContainerItemProxy */;
		};
		456A7F2221E0FC7200DD08D1 /* PBXTargetDependency */ = {
			isa = PBXTargetDependency;
			target = 456A7F0021E0FC7000DD08D1 /* LYTNet Demo */;
			targetProxy = 456A7F2121E0FC7200DD08D1 /* PBXContainerItemProxy */;
		};
/* End PBXTargetDependency section */

/* Begin PBXVariantGroup section */
		456A7F0821E0FC7000DD08D1 /* Main.storyboard */ = {
			isa = PBXVariantGroup;
			children = (
				456A7F0921E0FC7000DD08D1 /* Base */,
			);
			name = Main.storyboard;
			sourceTree = "<group>";
		};
		456A7F0D21E0FC7200DD08D1 /* LaunchScreen.storyboard */ = {
			isa = PBXVariantGroup;
			children = (
				456A7F0E21E0FC7200DD08D1 /* Base */,
			);
			name = LaunchScreen.storyboard;
			sourceTree = "<group>";
		};
/* End PBXVariantGroup section */

/* Begin XCBuildConfiguration section */
		456A7F2721E0FC7200DD08D1 /* Debug */ = {
			isa = XCBuildConfiguration;
			buildSettings = {
				ALWAYS_SEARCH_USER_PATHS = NO;
				CLANG_ANALYZER_NONNULL = YES;
				CLANG_ANALYZER_NUMBER_OBJECT_CONVERSION = YES_AGGRESSIVE;
				CLANG_CXX_LANGUAGE_STANDARD = "gnu++14";
				CLANG_CXX_LIBRARY = "libc++";
				CLANG_ENABLE_MODULES = YES;
				CLANG_ENABLE_OBJC_ARC = YES;
				CLANG_ENABLE_OBJC_WEAK = YES;
				CLANG_WARN_BLOCK_CAPTURE_AUTORELEASING = YES;
				CLANG_WARN_BOOL_CONVERSION = YES;
				CLANG_WARN_COMMA = YES;
				CLANG_WARN_CONSTANT_CONVERSION = YES;
				CLANG_WARN_DEPRECATED_OBJC_IMPLEMENTATIONS = YES;
				CLANG_WARN_DIRECT_OBJC_ISA_USAGE = YES_ERROR;
				CLANG_WARN_DOCUMENTATION_COMMENTS = YES;
				CLANG_WARN_EMPTY_BODY = YES;
				CLANG_WARN_ENUM_CONVERSION = YES;
				CLANG_WARN_INFINITE_RECURSION = YES;
				CLANG_WARN_INT_CONVERSION = YES;
				CLANG_WARN_NON_LITERAL_NULL_CONVERSION = YES;
				CLANG_WARN_OBJC_IMPLICIT_RETAIN_SELF = YES;
				CLANG_WARN_OBJC_LITERAL_CONVERSION = YES;
				CLANG_WARN_OBJC_ROOT_CLASS = YES_ERROR;
				CLANG_WARN_RANGE_LOOP_ANALYSIS = YES;
				CLANG_WARN_STRICT_PROTOTYPES = YES;
				CLANG_WARN_SUSPICIOUS_MOVE = YES;
				CLANG_WARN_UNGUARDED_AVAILABILITY = YES_AGGRESSIVE;
				CLANG_WARN_UNREACHABLE_CODE = YES;
				CLANG_WARN__DUPLICATE_METHOD_MATCH = YES;
				CODE_SIGN_IDENTITY = "iPhone Developer";
				COPY_PHASE_STRIP = NO;
				DEBUG_INFORMATION_FORMAT = dwarf;
				ENABLE_STRICT_OBJC_MSGSEND = YES;
				ENABLE_TESTABILITY = YES;
				GCC_C_LANGUAGE_STANDARD = gnu11;
				GCC_DYNAMIC_NO_PIC = NO;
				GCC_NO_COMMON_BLOCKS = YES;
				GCC_OPTIMIZATION_LEVEL = 0;
				GCC_PREPROCESSOR_DEFINITIONS = (
					"DEBUG=1",
					"$(inherited)",
				);
				GCC_WARN_64_TO_32_BIT_CONVERSION = YES;
				GCC_WARN_ABOUT_RETURN_TYPE = YES_ERROR;
				GCC_WARN_UNDECLARED_SELECTOR = YES;
				GCC_WARN_UNINITIALIZED_AUTOS = YES_AGGRESSIVE;
				GCC_WARN_UNUSED_FUNCTION = YES;
				GCC_WARN_UNUSED_VARIABLE = YES;
				IPHONEOS_DEPLOYMENT_TARGET = 12.1;
				MTL_ENABLE_DEBUG_INFO = INCLUDE_SOURCE;
				MTL_FAST_MATH = YES;
				ONLY_ACTIVE_ARCH = YES;
				SDKROOT = iphoneos;
				SWIFT_ACTIVE_COMPILATION_CONDITIONS = DEBUG;
				SWIFT_OPTIMIZATION_LEVEL = "-Onone";
			};
			name = Debug;
		};
		456A7F2821E0FC7200DD08D1 /* Release */ = {
			isa = XCBuildConfiguration;
			buildSettings = {
				ALWAYS_SEARCH_USER_PATHS = NO;
				CLANG_ANALYZER_NONNULL = YES;
				CLANG_ANALYZER_NUMBER_OBJECT_CONVERSION = YES_AGGRESSIVE;
				CLANG_CXX_LANGUAGE_STANDARD = "gnu++14";
				CLANG_CXX_LIBRARY = "libc++";
				CLANG_ENABLE_MODULES = YES;
				CLANG_ENABLE_OBJC_ARC = YES;
				CLANG_ENABLE_OBJC_WEAK = YES;
				CLANG_WARN_BLOCK_CAPTURE_AUTORELEASING = YES;
				CLANG_WARN_BOOL_CONVERSION = YES;
				CLANG_WARN_COMMA = YES;
				CLANG_WARN_CONSTANT_CONVERSION = YES;
				CLANG_WARN_DEPRECATED_OBJC_IMPLEMENTATIONS = YES;
				CLANG_WARN_DIRECT_OBJC_ISA_USAGE = YES_ERROR;
				CLANG_WARN_DOCUMENTATION_COMMENTS = YES;
				CLANG_WARN_EMPTY_BODY = YES;
				CLANG_WARN_ENUM_CONVERSION = YES;
				CLANG_WARN_INFINITE_RECURSION = YES;
				CLANG_WARN_INT_CONVERSION = YES;
				CLANG_WARN_NON_LITERAL_NULL_CONVERSION = YES;
				CLANG_WARN_OBJC_IMPLICIT_RETAIN_SELF = YES;
				CLANG_WARN_OBJC_LITERAL_CONVERSION = YES;
				CLANG_WARN_OBJC_ROOT_CLASS = YES_ERROR;
				CLANG_WARN_RANGE_LOOP_ANALYSIS = YES;
				CLANG_WARN_STRICT_PROTOTYPES = YES;
				CLANG_WARN_SUSPICIOUS_MOVE = YES;
				CLANG_WARN_UNGUARDED_AVAILABILITY = YES_AGGRESSIVE;
				CLANG_WARN_UNREACHABLE_CODE = YES;
				CLANG_WARN__DUPLICATE_METHOD_MATCH = YES;
				CODE_SIGN_IDENTITY = "iPhone Developer";
				COPY_PHASE_STRIP = NO;
				DEBUG_INFORMATION_FORMAT = "dwarf-with-dsym";
				ENABLE_NS_ASSERTIONS = NO;
				ENABLE_STRICT_OBJC_MSGSEND = YES;
				GCC_C_LANGUAGE_STANDARD = gnu11;
				GCC_NO_COMMON_BLOCKS = YES;
				GCC_WARN_64_TO_32_BIT_CONVERSION = YES;
				GCC_WARN_ABOUT_RETURN_TYPE = YES_ERROR;
				GCC_WARN_UNDECLARED_SELECTOR = YES;
				GCC_WARN_UNINITIALIZED_AUTOS = YES_AGGRESSIVE;
				GCC_WARN_UNUSED_FUNCTION = YES;
				GCC_WARN_UNUSED_VARIABLE = YES;
				IPHONEOS_DEPLOYMENT_TARGET = 12.1;
				MTL_ENABLE_DEBUG_INFO = NO;
				MTL_FAST_MATH = YES;
				SDKROOT = iphoneos;
				SWIFT_COMPILATION_MODE = wholemodule;
				SWIFT_OPTIMIZATION_LEVEL = "-O";
				VALIDATE_PRODUCT = YES;
			};
			name = Release;
		};
		456A7F2A21E0FC7200DD08D1 /* Debug */ = {
			isa = XCBuildConfiguration;
			buildSettings = {
				ASSETCATALOG_COMPILER_APPICON_NAME = AppIcon;
				CODE_SIGN_STYLE = Automatic;
				DEVELOPMENT_TEAM = UW78DN5YUT;
				INFOPLIST_FILE = "ISEF Demo V2/Info.plist";
				IPHONEOS_DEPLOYMENT_TARGET = 11.0;
				LD_RUNPATH_SEARCH_PATHS = (
					"$(inherited)",
					"@executable_path/Frameworks",
				);
				PRODUCT_BUNDLE_IDENTIFIER = "com.samheonjohnISEF.LYTNet-Demo";
				PRODUCT_NAME = "$(TARGET_NAME)";
				SWIFT_VERSION = 4.2;
				TARGETED_DEVICE_FAMILY = "1,2";
			};
			name = Debug;
		};
		456A7F2B21E0FC7200DD08D1 /* Release */ = {
			isa = XCBuildConfiguration;
			buildSettings = {
				ASSETCATALOG_COMPILER_APPICON_NAME = AppIcon;
				CODE_SIGN_STYLE = Automatic;
				DEVELOPMENT_TEAM = UW78DN5YUT;
				INFOPLIST_FILE = "ISEF Demo V2/Info.plist";
				IPHONEOS_DEPLOYMENT_TARGET = 11.0;
				LD_RUNPATH_SEARCH_PATHS = (
					"$(inherited)",
					"@executable_path/Frameworks",
				);
				PRODUCT_BUNDLE_IDENTIFIER = "com.samheonjohnISEF.LYTNet-Demo";
				PRODUCT_NAME = "$(TARGET_NAME)";
				SWIFT_VERSION = 4.2;
				TARGETED_DEVICE_FAMILY = "1,2";
			};
			name = Release;
		};
		456A7F2D21E0FC7200DD08D1 /* Debug */ = {
			isa = XCBuildConfiguration;
			buildSettings = {
				ALWAYS_EMBED_SWIFT_STANDARD_LIBRARIES = YES;
				BUNDLE_LOADER = "$(TEST_HOST)";
				CODE_SIGN_STYLE = Automatic;
				DEVELOPMENT_TEAM = UW78DN5YUT;
				INFOPLIST_FILE = "ISEF Demo V2Tests/Info.plist";
				LD_RUNPATH_SEARCH_PATHS = (
					"$(inherited)",
					"@executable_path/Frameworks",
					"@loader_path/Frameworks",
				);
				PRODUCT_BUNDLE_IDENTIFIER = "com.samheonjohnISEF.ISEF-Demo-V2Tests";
				PRODUCT_NAME = "$(TARGET_NAME)";
				SWIFT_VERSION = 4.2;
				TARGETED_DEVICE_FAMILY = "1,2";
				TEST_HOST = "$(BUILT_PRODUCTS_DIR)/LYTNet Demo.app/LYTNet Demo";
			};
			name = Debug;
		};
		456A7F2E21E0FC7200DD08D1 /* Release */ = {
			isa = XCBuildConfiguration;
			buildSettings = {
				ALWAYS_EMBED_SWIFT_STANDARD_LIBRARIES = YES;
				BUNDLE_LOADER = "$(TEST_HOST)";
				CODE_SIGN_STYLE = Automatic;
				DEVELOPMENT_TEAM = UW78DN5YUT;
				INFOPLIST_FILE = "ISEF Demo V2Tests/Info.plist";
				LD_RUNPATH_SEARCH_PATHS = (
					"$(inherited)",
					"@executable_path/Frameworks",
					"@loader_path/Frameworks",
				);
				PRODUCT_BUNDLE_IDENTIFIER = "com.samheonjohnISEF.ISEF-Demo-V2Tests";
				PRODUCT_NAME = "$(TARGET_NAME)";
				SWIFT_VERSION = 4.2;
				TARGETED_DEVICE_FAMILY = "1,2";
				TEST_HOST = "$(BUILT_PRODUCTS_DIR)/LYTNet Demo.app/LYTNet Demo";
			};
			name = Release;
		};
		456A7F3021E0FC7200DD08D1 /* Debug */ = {
			isa = XCBuildConfiguration;
			buildSettings = {
				ALWAYS_EMBED_SWIFT_STANDARD_LIBRARIES = YES;
				CODE_SIGN_STYLE = Automatic;
				DEVELOPMENT_TEAM = UW78DN5YUT;
				INFOPLIST_FILE = "ISEF Demo V2UITests/Info.plist";
				LD_RUNPATH_SEARCH_PATHS = (
					"$(inherited)",
					"@executable_path/Frameworks",
					"@loader_path/Frameworks",
				);
				PRODUCT_BUNDLE_IDENTIFIER = "com.samheonjohnISEF.ISEF-Demo-V2UITests";
				PRODUCT_NAME = "$(TARGET_NAME)";
				SWIFT_VERSION = 4.2;
				TARGETED_DEVICE_FAMILY = "1,2";
				TEST_TARGET_NAME = "ISEF Demo V2";
			};
			name = Debug;
		};
		456A7F3121E0FC7200DD08D1 /* Release */ = {
			isa = XCBuildConfiguration;
			buildSettings = {
				ALWAYS_EMBED_SWIFT_STANDARD_LIBRARIES = YES;
				CODE_SIGN_STYLE = Automatic;
				DEVELOPMENT_TEAM = UW78DN5YUT;
				INFOPLIST_FILE = "ISEF Demo V2UITests/Info.plist";
				LD_RUNPATH_SEARCH_PATHS = (
					"$(inherited)",
					"@executable_path/Frameworks",
					"@loader_path/Frameworks",
				);
				PRODUCT_BUNDLE_IDENTIFIER = "com.samheonjohnISEF.ISEF-Demo-V2UITests";
				PRODUCT_NAME = "$(TARGET_NAME)";
				SWIFT_VERSION = 4.2;
				TARGETED_DEVICE_FAMILY = "1,2";
				TEST_TARGET_NAME = "ISEF Demo V2";
			};
			name = Release;
		};
/* End XCBuildConfiguration section */

/* Begin XCConfigurationList section */
		456A7EFC21E0FC7000DD08D1 /* Build configuration list for PBXProject "LYTNet Demo" */ = {
			isa = XCConfigurationList;
			buildConfigurations = (
				456A7F2721E0FC7200DD08D1 /* Debug */,
				456A7F2821E0FC7200DD08D1 /* Release */,
			);
			defaultConfigurationIsVisible = 0;
			defaultConfigurationName = Release;
		};
		456A7F2921E0FC7200DD08D1 /* Build configuration list for PBXNativeTarget "LYTNet Demo" */ = {
			isa = XCConfigurationList;
			buildConfigurations = (
				456A7F2A21E0FC7200DD08D1 /* Debug */,
				456A7F2B21E0FC7200DD08D1 /* Release */,
			);
			defaultConfigurationIsVisible = 0;
			defaultConfigurationName = Release;
		};
		456A7F2C21E0FC7200DD08D1 /* Build configuration list for PBXNativeTarget "LYTNet DemoTests" */ = {
			isa = XCConfigurationList;
			buildConfigurations = (
				456A7F2D21E0FC7200DD08D1 /* Debug */,
				456A7F2E21E0FC7200DD08D1 /* Release */,
			);
			defaultConfigurationIsVisible = 0;
			defaultConfigurationName = Release;
		};
		456A7F2F21E0FC7200DD08D1 /* Build configuration list for PBXNativeTarget "LYTNet DemoUITests" */ = {
			isa = XCConfigurationList;
			buildConfigurations = (
				456A7F3021E0FC7200DD08D1 /* Debug */,
				456A7F3121E0FC7200DD08D1 /* Release */,
			);
			defaultConfigurationIsVisible = 0;
			defaultConfigurationName = Release;
		};
/* End XCConfigurationList section */
	};
	rootObject = 456A7EF921E0FC7000DD08D1 /* Project object */;
}
